
Microsoft Visual Studio Solution File, Format Version 12.00
# Visual Studio Version 16
VisualStudioVersion = 16.0.31515.178
MinimumVisualStudioVersion = 10.0.40219.1
Project("{8BC9CEB8-8B4A-11D0-8D11-00A0C91BC942}") = "Project1", "Project1.vcxproj", "{768A2420-E3B6-4667-A987-776C956B25DF}"
EndProject
Global
	GlobalSection(SolutionConfigurationPlatforms) = preSolution
		Debug|x64 = Debug|x64
		Debug|x86 = Debug|x86
		Release|x64 = Release|x64
		Release|x86 = Release|x86
	EndGlobalSection
	GlobalSection(ProjectConfigurationPlatforms) = postSolution
		{768A2420-E3B6-4667-A987-776C956B25DF}.Debug|x64.ActiveCfg = Debug|x64
		{768A2420-E3B6-4667-A987-776C956B25DF}.Debug|x64.Build.0 = Debug|x64
		{768A2420-E3B6-4667-A987-776C956B25DF}.Debug|x86.ActiveCfg = Debug|Win32
		{768A2420-E3B6-4667-A987-776C956B25DF}.Debug|x86.Build.0 = Debug|Win32
		{768A2420-E3B6-4667-A987-776C956B25DF}.Release|x64.ActiveCfg = Release|x64
		{768A2420-E3B6-4667-A987-776C956B25DF}.Release|x64.Build.0 = Release|x64
		{768A2420-E3B6-4667-A987-776C956B25DF}.Release|x86.ActiveCfg = Release|Win32
		{768A2420-E3B6-4667-A987-776C956B25DF}.Release|x86.Build.0 = Release|Win32
	EndGlobalSection
	GlobalSection(SolutionProperties) = preSolution
		HideSolutionNode = FALSE
	EndGlobalSection
	GlobalSection(ExtensibilityGlobals) = postSolution
		SolutionGuid = {273C59B0-A562-483C-8BA0-AD41CF8BB07B}
	EndGlobalSection
EndGlobal
